
Microsoft Visual Studio Solution File, Format Version 12.00
# Visual Studio 15
VisualStudioVersion = 15.0.28307.168
MinimumVisualStudioVersion = 10.0.40219.1
Project("{FAE04EC0-301F-11D3-BF4B-00C04F79EFBC}") = "vidly", "vidly\vidly.csproj", "{B8AFFF59-4ACD-4CB4-8FC7-BC6D348EF094}"
EndProject
Global
	GlobalSection(SolutionConfigurationPlatforms) = preSolution
		Debug|Any CPU = Debug|Any CPU
		Release|Any CPU = Release|Any CPU
	EndGlobalSection
	GlobalSection(ProjectConfigurationPlatforms) = postSolution
		{B8AFFF59-4ACD-4CB4-8FC7-BC6D348EF094}.Debug|Any CPU.ActiveCfg = Debug|Any CPU
		{B8AFFF59-4ACD-4CB4-8FC7-BC6D348EF094}.Debug|Any CPU.Build.0 = Debug|Any CPU
		{B8AFFF59-4ACD-4CB4-8FC7-BC6D348EF094}.Release|Any CPU.ActiveCfg = Release|Any CPU
		{B8AFFF59-4ACD-4CB4-8FC7-BC6D348EF094}.Release|Any CPU.Build.0 = Release|Any CPU
	EndGlobalSection
	GlobalSection(SolutionProperties) = preSolution
		HideSolutionNode = FALSE
	EndGlobalSection
	GlobalSection(ExtensibilityGlobals) = postSolution
		SolutionGuid = {9F27CAE7-B346-401E-892E-340961C55D51}
	EndGlobalSection
EndGlobal
